
Microsoft Visual Studio Solution File, Format Version 12.00
# Visual Studio Version 16
VisualStudioVersion = 16.0.29613.14
MinimumVisualStudioVersion = 10.0.40219.1
Project("{9A19103F-16F7-4668-BE54-9A1E7A4F7556}") = "Calculator", "Calculator\Calculator.csproj", "{59EB4199-60A8-4844-B36F-28546E02AD2C}"
EndProject
Project("{FAE04EC0-301F-11D3-BF4B-00C04F79EFBC}") = "CalculatorTests", "CalculatorTests\CalculatorTests.csproj", "{F8DC7048-0A6D-44DE-8797-F98DA88D4FC1}"
EndProject
Global
	GlobalSection(SolutionConfigurationPlatforms) = preSolution
		Debug|Any CPU = Debug|Any CPU
		Release|Any CPU = Release|Any CPU
	EndGlobalSection
	GlobalSection(ProjectConfigurationPlatforms) = postSolution
		{59EB4199-60A8-4844-B36F-28546E02AD2C}.Debug|Any CPU.ActiveCfg = Debug|Any CPU
		{59EB4199-60A8-4844-B36F-28546E02AD2C}.Debug|Any CPU.Build.0 = Debug|Any CPU
		{59EB4199-60A8-4844-B36F-28546E02AD2C}.Release|Any CPU.ActiveCfg = Release|Any CPU
		{59EB4199-60A8-4844-B36F-28546E02AD2C}.Release|Any CPU.Build.0 = Release|Any CPU
		{F8DC7048-0A6D-44DE-8797-F98DA88D4FC1}.Debug|Any CPU.ActiveCfg = Debug|Any CPU
		{F8DC7048-0A6D-44DE-8797-F98DA88D4FC1}.Debug|Any CPU.Build.0 = Debug|Any CPU
		{F8DC7048-0A6D-44DE-8797-F98DA88D4FC1}.Release|Any CPU.ActiveCfg = Release|Any CPU
		{F8DC7048-0A6D-44DE-8797-F98DA88D4FC1}.Release|Any CPU.Build.0 = Release|Any CPU
	EndGlobalSection
	GlobalSection(SolutionProperties) = preSolution
		HideSolutionNode = FALSE
	EndGlobalSection
	GlobalSection(ExtensibilityGlobals) = postSolution
		SolutionGuid = {EB3521E1-A8B0-40C9-9619-7C35D6438EE6}
	EndGlobalSection
EndGlobal
